// !$*UTF8*$!
{
	archiveVersion = 1;
	classes = {
	};
	objectVersion = 46;
	objects = {

/* Begin PBXFileReference section */
		C56E7B6618FAD7170035E01D /* UIView+Constraints.h */ = {isa = PBXFileReference; lastKnownFileType = sourcecode.c.h; name = "UIView+Constraints.h"; path = "BENAutoLayout/UIView+Constraints.h"; sourceTree = "<group>"; };
		C56E7B6718FAD7170035E01D /* UIView+Constraints.m */ = {isa = PBXFileReference; lastKnownFileType = sourcecode.c.objc; name = "UIView+Constraints.m"; path = "BENAutoLayout/UIView+Constraints.m"; sourceTree = "<group>"; };
/* End PBXFileReference section */

/* Begin PBXGroup section */
		C56E7B5D18FAD1BD0035E01D = {
			isa = PBXGroup;
			children = (
				C56E7B6618FAD7170035E01D /* UIView+Constraints.h */,
				C56E7B6718FAD7170035E01D /* UIView+Constraints.m */,
			);
			sourceTree = "<group>";
		};
/* End PBXGroup section */

/* Begin PBXProject section */
		C56E7B5E18FAD1BD0035E01D /* Project object */ = {
			isa = PBXProject;
			attributes = {
				LastUpgradeCheck = 0510;
			};
			buildConfigurationList = C56E7B6118FAD1BD0035E01D /* Build configuration list for PBXProject "BENAutoLayout" */;
			compatibilityVersion = "Xcode 3.2";
			developmentRegion = English;
			hasScannedForEncodings = 0;
			knownRegions = (
				en,
			);
			mainGroup = C56E7B5D18FAD1BD0035E01D;
			projectDirPath = "";
			projectRoot = "";
			targets = (
			);
		};
/* End PBXProject section */

/* Begin XCBuildConfiguration section */
		C56E7B6218FAD1BD0035E01D /* Debug */ = {
			isa = XCBuildConfiguration;
			buildSettings = {
			};
			name = Debug;
		};
		C56E7B6318FAD1BD0035E01D /* Release */ = {
			isa = XCBuildConfiguration;
			buildSettings = {
			};
			name = Release;
		};
/* End XCBuildConfiguration section */

/* Begin XCConfigurationList section */
		C56E7B6118FAD1BD0035E01D /* Build configuration list for PBXProject "BENAutoLayout" */ = {
			isa = XCConfigurationList;
			buildConfigurations = (
				C56E7B6218FAD1BD0035E01D /* Debug */,
				C56E7B6318FAD1BD0035E01D /* Release */,
			);
			defaultConfigurationIsVisible = 0;
			defaultConfigurationName = Release;
		};
/* End XCConfigurationList section */
	};
	rootObject = C56E7B5E18FAD1BD0035E01D /* Project object */;
}
